{
  "name": "miniprogram",
  "version": "1.0.0",
  "lockfileVersion": 1,
  "requires": true,
  "dependencies": {
    "apifm-wxapi": {
      "version": "3.10.0",
      "resolved": "https://registry.npm.taobao.org/apifm-wxapi/download/apifm-wxapi-3.10.0.tgz",
      "integrity": "sha1-PwRFRxkzV9ClKb+Yt2/HLGl1pvY="
    },
    "vant-weapp": {
      "version": "0.5.28",
      "resolved": "https://registry.npm.taobao.org/vant-weapp/download/vant-weapp-0.5.28.tgz",
      "integrity": "sha1-Qm7biuxShKGnvqsbXpy3PlFExBs="
    }
  }
}
