{
  "name": "miniprogram",
  "version": "1.0.0",
  "lockfileVersion": 1,
  "requires": true,
  "dependencies": {
    "vant-weapp": {
      "version": "0.5.28",
      "resolved": "https://registry.npm.taobao.org/vant-weapp/download/vant-weapp-0.5.28.tgz",
      "integrity": "sha1-Qm7biuxShKGnvqsbXpy3PlFExBs="
    }
  }
}
